
Microsoft Visual Studio Solution File, Format Version 12.00
# Visual Studio Version 17
VisualStudioVersion = 17.8.34330.188
MinimumVisualStudioVersion = 10.0.40219.1
Project("{9A19103F-16F7-4668-BE54-9A1E7A4F7556}") = "ParkAhead.API", "ParkAhead.API\ParkAhead.API.csproj", "{52027A0F-5899-462B-A8F0-AD599ABED9C5}"
EndProject
Project("{9A19103F-16F7-4668-BE54-9A1E7A4F7556}") = "ParkAhead.Business", "ParkAhead.Business\ParkAhead.Business.csproj", "{E2BE8689-23C0-44B0-A168-177FF3F3C49A}"
EndProject
Project("{9A19103F-16F7-4668-BE54-9A1E7A4F7556}") = "ParkAhead.Data", "ParkAhead.Data\ParkAhead.Data.csproj", "{38043735-92ED-41AC-B68B-C765F62A04D6}"
EndProject
Project("{54A90642-561A-4BB1-A94E-469ADEE60C69}") = "ParkAhead.Client", "ParkAhead.Client\ParkAhead.Client.esproj", "{053625B4-D328-4589-8B1A-19E6F03B63A7}"
EndProject
Project("{54A90642-561A-4BB1-A94E-469ADEE60C69}") = "ParkAhead.UI", "ParkAhead.UI\ParkAhead.UI.esproj", "{7B002449-F8EF-470E-85CA-8A2E3E6B1DB6}"
EndProject
Global
	GlobalSection(SolutionConfigurationPlatforms) = preSolution
		Debug|Any CPU = Debug|Any CPU
		Release|Any CPU = Release|Any CPU
	EndGlobalSection
	GlobalSection(ProjectConfigurationPlatforms) = postSolution
		{52027A0F-5899-462B-A8F0-AD599ABED9C5}.Debug|Any CPU.ActiveCfg = Debug|Any CPU
		{52027A0F-5899-462B-A8F0-AD599ABED9C5}.Debug|Any CPU.Build.0 = Debug|Any CPU
		{52027A0F-5899-462B-A8F0-AD599ABED9C5}.Release|Any CPU.ActiveCfg = Release|Any CPU
		{52027A0F-5899-462B-A8F0-AD599ABED9C5}.Release|Any CPU.Build.0 = Release|Any CPU
		{E2BE8689-23C0-44B0-A168-177FF3F3C49A}.Debug|Any CPU.ActiveCfg = Debug|Any CPU
		{E2BE8689-23C0-44B0-A168-177FF3F3C49A}.Debug|Any CPU.Build.0 = Debug|Any CPU
		{E2BE8689-23C0-44B0-A168-177FF3F3C49A}.Release|Any CPU.ActiveCfg = Release|Any CPU
		{E2BE8689-23C0-44B0-A168-177FF3F3C49A}.Release|Any CPU.Build.0 = Release|Any CPU
		{38043735-92ED-41AC-B68B-C765F62A04D6}.Debug|Any CPU.ActiveCfg = Debug|Any CPU
		{38043735-92ED-41AC-B68B-C765F62A04D6}.Debug|Any CPU.Build.0 = Debug|Any CPU
		{38043735-92ED-41AC-B68B-C765F62A04D6}.Release|Any CPU.ActiveCfg = Release|Any CPU
		{38043735-92ED-41AC-B68B-C765F62A04D6}.Release|Any CPU.Build.0 = Release|Any CPU
		{053625B4-D328-4589-8B1A-19E6F03B63A7}.Debug|Any CPU.ActiveCfg = Debug|Any CPU
		{053625B4-D328-4589-8B1A-19E6F03B63A7}.Debug|Any CPU.Build.0 = Debug|Any CPU
		{053625B4-D328-4589-8B1A-19E6F03B63A7}.Debug|Any CPU.Deploy.0 = Debug|Any CPU
		{053625B4-D328-4589-8B1A-19E6F03B63A7}.Release|Any CPU.ActiveCfg = Release|Any CPU
		{053625B4-D328-4589-8B1A-19E6F03B63A7}.Release|Any CPU.Build.0 = Release|Any CPU
		{053625B4-D328-4589-8B1A-19E6F03B63A7}.Release|Any CPU.Deploy.0 = Release|Any CPU
		{7B002449-F8EF-470E-85CA-8A2E3E6B1DB6}.Debug|Any CPU.ActiveCfg = Debug|Any CPU
		{7B002449-F8EF-470E-85CA-8A2E3E6B1DB6}.Debug|Any CPU.Build.0 = Debug|Any CPU
		{7B002449-F8EF-470E-85CA-8A2E3E6B1DB6}.Debug|Any CPU.Deploy.0 = Debug|Any CPU
		{7B002449-F8EF-470E-85CA-8A2E3E6B1DB6}.Release|Any CPU.ActiveCfg = Release|Any CPU
		{7B002449-F8EF-470E-85CA-8A2E3E6B1DB6}.Release|Any CPU.Build.0 = Release|Any CPU
		{7B002449-F8EF-470E-85CA-8A2E3E6B1DB6}.Release|Any CPU.Deploy.0 = Release|Any CPU
	EndGlobalSection
	GlobalSection(SolutionProperties) = preSolution
		HideSolutionNode = FALSE
	EndGlobalSection
	GlobalSection(ExtensibilityGlobals) = postSolution
		SolutionGuid = {8D4189A3-5C2D-4772-8768-795AD5836304}
	EndGlobalSection
EndGlobal
